# AgentUp Lock File
# Auto-generated - do not edit manually
# Generated at: 2025-08-16T12:17:06.919860+00:00
# Generator version: 0.5.7

apiVersion: v1
lockfile_version: 1.0.0
generated_at: '2025-08-16T12:17:06.919860+00:00'
packages:
  agentup-systools:
    version: 0.5.0
    source_index: agentup
    installed_at: '2025-08-16T12:17:36.827019+00:00'
    download_url: https://storage.googleapis.com/agentup-storage-agentup-cluster/packages/agentup-systools/0.5.0/agentup_systools-0.5.0-py3-none-any.whl?X-Goog-Algorithm=GOOG4-RSA-SHA256&X-Goog-Credential=agentup-gcs-sa%40agentup-cluster.iam.gserviceaccount.com%2F20250816%2Fauto%2Fstorage%2Fgoog4_request&X-Goog-Date=20250816T121735Z&X-Goog-Expires=3600&X-Goog-SignedHeaders=host&X-Goog-Signature=a3bd0d4ade54b0ed54c8bde16db58331b52a55fefb78f9a80db2624805255493d45eaadfe60cdff0b036552970eada3532b997c4558ea80b9daa6b837da09ff7566129d8f215723bcdf6717b11d25fd458a4271df08eb6165d3c8142b4a3762fe8b67ab126bfedc6559019d74b252c3ab2b5243778b9c942d632ebba0282b58cf567806df0c469b355fbce6d25e01de419d94f46f16479a711f7a13cbce87b7e21f1f59dcccbe7708e5d648737331f2cbf875b3a79f9aad2273d6811c4f97693fe5e45d5658f601879445c241e23e9894a5157bd5a315b736ffe90ed18d15f749dcef7b048474f3ab5e4139785623d1755fb6930c4fde4dc533d49da046cf03b#sha256=81e9ca16bbf2f47991a1d88511113d5d548bba99475001e1a2d80451b08e5425
    package_hash: null
    dependencies: []
